
Microsoft Visual Studio Solution File, Format Version 12.00
# Visual Studio 15
VisualStudioVersion = 15.0.27428.2015
MinimumVisualStudioVersion = 10.0.40219.1
Project("{FAE04EC0-301F-11D3-BF4B-00C04F79EFBC}") = "GameLauncherWPF", "GameLauncherWPF\GameLauncherWPF.csproj", "{39788664-8EA5-431D-841E-32493F4DF852}"
EndProject
Global
	GlobalSection(SolutionConfigurationPlatforms) = preSolution
		Debug|Any CPU = Debug|Any CPU
		Release|Any CPU = Release|Any CPU
	EndGlobalSection
	GlobalSection(ProjectConfigurationPlatforms) = postSolution
		{39788664-8EA5-431D-841E-32493F4DF852}.Debug|Any CPU.ActiveCfg = Debug|Any CPU
		{39788664-8EA5-431D-841E-32493F4DF852}.Debug|Any CPU.Build.0 = Debug|Any CPU
		{39788664-8EA5-431D-841E-32493F4DF852}.Release|Any CPU.ActiveCfg = Release|Any CPU
		{39788664-8EA5-431D-841E-32493F4DF852}.Release|Any CPU.Build.0 = Release|Any CPU
	EndGlobalSection
	GlobalSection(SolutionProperties) = preSolution
		HideSolutionNode = FALSE
	EndGlobalSection
	GlobalSection(ExtensibilityGlobals) = postSolution
		SolutionGuid = {AE3CCEE3-A72C-4847-9D12-6AE80221BCC1}
	EndGlobalSection
EndGlobal
